
Microsoft Visual Studio Solution File, Format Version 11.00
# Visual Studio 2010
Project("{FAE04EC0-301F-11D3-BF4B-00C04F79EFBC}") = "Calculator2", "Calculator2\Calculator2.csproj", "{889684B2-DBBD-48FC-8F21-2D220D0F2069}"
EndProject
Global
	GlobalSection(SolutionConfigurationPlatforms) = preSolution
		Debug|x86 = Debug|x86
		Release|x86 = Release|x86
	EndGlobalSection
	GlobalSection(ProjectConfigurationPlatforms) = postSolution
		{889684B2-DBBD-48FC-8F21-2D220D0F2069}.Debug|x86.ActiveCfg = Debug|x86
		{889684B2-DBBD-48FC-8F21-2D220D0F2069}.Debug|x86.Build.0 = Debug|x86
		{889684B2-DBBD-48FC-8F21-2D220D0F2069}.Release|x86.ActiveCfg = Release|x86
		{889684B2-DBBD-48FC-8F21-2D220D0F2069}.Release|x86.Build.0 = Release|x86
	EndGlobalSection
	GlobalSection(SolutionProperties) = preSolution
		HideSolutionNode = FALSE
	EndGlobalSection
EndGlobal
